
Microsoft Visual Studio Solution File, Format Version 12.00
# Visual Studio Version 16
VisualStudioVersion = 16.0.31729.503
MinimumVisualStudioVersion = 10.0.40219.1
Project("{FAE04EC0-301F-11D3-BF4B-00C04F79EFBC}") = "HashcodeFile", "HashcodeFile\HashcodeFile.csproj", "{0C5E136B-DF90-4A09-BD01-33FFA0514BDE}"
EndProject
Global
	GlobalSection(SolutionConfigurationPlatforms) = preSolution
		Debug|Any CPU = Debug|Any CPU
		Release|Any CPU = Release|Any CPU
	EndGlobalSection
	GlobalSection(ProjectConfigurationPlatforms) = postSolution
		{0C5E136B-DF90-4A09-BD01-33FFA0514BDE}.Debug|Any CPU.ActiveCfg = Debug|Any CPU
		{0C5E136B-DF90-4A09-BD01-33FFA0514BDE}.Debug|Any CPU.Build.0 = Debug|Any CPU
		{0C5E136B-DF90-4A09-BD01-33FFA0514BDE}.Release|Any CPU.ActiveCfg = Release|Any CPU
		{0C5E136B-DF90-4A09-BD01-33FFA0514BDE}.Release|Any CPU.Build.0 = Release|Any CPU
	EndGlobalSection
	GlobalSection(SolutionProperties) = preSolution
		HideSolutionNode = FALSE
	EndGlobalSection
	GlobalSection(ExtensibilityGlobals) = postSolution
		SolutionGuid = {CE0B5E96-1361-4225-9D23-CBF9DE3E9282}
	EndGlobalSection
EndGlobal
