
Microsoft Visual Studio Solution File, Format Version 12.00
# Visual Studio Version 16
VisualStudioVersion = 16.0.31729.503
MinimumVisualStudioVersion = 10.0.40219.1
Project("{FAE04EC0-301F-11D3-BF4B-00C04F79EFBC}") = "HashCodeFileSame", "HashCodeFileSame\HashCodeFileSame.csproj", "{6DC5420C-58DC-448F-B438-B406239EE79C}"
EndProject
Global
	GlobalSection(SolutionConfigurationPlatforms) = preSolution
		Debug|Any CPU = Debug|Any CPU
		Release|Any CPU = Release|Any CPU
	EndGlobalSection
	GlobalSection(ProjectConfigurationPlatforms) = postSolution
		{6DC5420C-58DC-448F-B438-B406239EE79C}.Debug|Any CPU.ActiveCfg = Debug|Any CPU
		{6DC5420C-58DC-448F-B438-B406239EE79C}.Debug|Any CPU.Build.0 = Debug|Any CPU
		{6DC5420C-58DC-448F-B438-B406239EE79C}.Release|Any CPU.ActiveCfg = Release|Any CPU
		{6DC5420C-58DC-448F-B438-B406239EE79C}.Release|Any CPU.Build.0 = Release|Any CPU
	EndGlobalSection
	GlobalSection(SolutionProperties) = preSolution
		HideSolutionNode = FALSE
	EndGlobalSection
	GlobalSection(ExtensibilityGlobals) = postSolution
		SolutionGuid = {D5F6D79C-6733-4A82-ACA4-6DBBB73BCA51}
	EndGlobalSection
EndGlobal
